
Microsoft Visual Studio Solution File, Format Version 12.00
# Visual Studio Version 16
VisualStudioVersion = 16.0.29519.181
MinimumVisualStudioVersion = 10.0.40219.1
Project("{FAE04EC0-301F-11D3-BF4B-00C04F79EFBC}") = "StudentuDienynas", "StudentuDienynas\StudentuDienynas.csproj", "{F699A79A-CC0A-4DC4-9697-161018772D3F}"
EndProject
Project("{FAE04EC0-301F-11D3-BF4B-00C04F79EFBC}") = "StudentuDienynasLB", "StudentuDienynasLB\StudentuDienynasLB.csproj", "{025A86F2-E9D7-49A8-94D3-2DD01E297999}"
EndProject
Project("{FAE04EC0-301F-11D3-BF4B-00C04F79EFBC}") = "StudentuDienynas.test", "StudentuDienynas.test\StudentuDienynas.test.csproj", "{7FAB8978-5D6B-4AE6-947C-EDD261B5CA11}"
EndProject
Global
	GlobalSection(SolutionConfigurationPlatforms) = preSolution
		Debug|Any CPU = Debug|Any CPU
		Release|Any CPU = Release|Any CPU
	EndGlobalSection
	GlobalSection(ProjectConfigurationPlatforms) = postSolution
		{F699A79A-CC0A-4DC4-9697-161018772D3F}.Debug|Any CPU.ActiveCfg = Debug|Any CPU
		{F699A79A-CC0A-4DC4-9697-161018772D3F}.Debug|Any CPU.Build.0 = Debug|Any CPU
		{F699A79A-CC0A-4DC4-9697-161018772D3F}.Release|Any CPU.ActiveCfg = Release|Any CPU
		{F699A79A-CC0A-4DC4-9697-161018772D3F}.Release|Any CPU.Build.0 = Release|Any CPU
		{025A86F2-E9D7-49A8-94D3-2DD01E297999}.Debug|Any CPU.ActiveCfg = Debug|Any CPU
		{025A86F2-E9D7-49A8-94D3-2DD01E297999}.Debug|Any CPU.Build.0 = Debug|Any CPU
		{025A86F2-E9D7-49A8-94D3-2DD01E297999}.Release|Any CPU.ActiveCfg = Release|Any CPU
		{025A86F2-E9D7-49A8-94D3-2DD01E297999}.Release|Any CPU.Build.0 = Release|Any CPU
		{7FAB8978-5D6B-4AE6-947C-EDD261B5CA11}.Debug|Any CPU.ActiveCfg = Debug|Any CPU
		{7FAB8978-5D6B-4AE6-947C-EDD261B5CA11}.Debug|Any CPU.Build.0 = Debug|Any CPU
		{7FAB8978-5D6B-4AE6-947C-EDD261B5CA11}.Release|Any CPU.ActiveCfg = Release|Any CPU
		{7FAB8978-5D6B-4AE6-947C-EDD261B5CA11}.Release|Any CPU.Build.0 = Release|Any CPU
	EndGlobalSection
	GlobalSection(SolutionProperties) = preSolution
		HideSolutionNode = FALSE
	EndGlobalSection
	GlobalSection(ExtensibilityGlobals) = postSolution
		SolutionGuid = {F1400A64-87D8-4847-B838-32C8B299C256}
	EndGlobalSection
EndGlobal
